
Microsoft Visual Studio Solution File, Format Version 12.00
# Visual Studio Version 17
VisualStudioVersion = 17.1.32407.343
MinimumVisualStudioVersion = 10.0.40219.1
Project("{9A19103F-16F7-4668-BE54-9A1E7A4F7556}") = "MyCoreApp", "MyCoreApp.csproj", "{F3B18D38-DA5C-452C-A675-410EB73D40D1}"
EndProject
Global
	GlobalSection(SolutionConfigurationPlatforms) = preSolution
		Debug|Any CPU = Debug|Any CPU
		Debug|ARM64 = Debug|ARM64
		Release|Any CPU = Release|Any CPU
		Release|ARM64 = Release|ARM64
	EndGlobalSection
	GlobalSection(ProjectConfigurationPlatforms) = postSolution
		{F3B18D38-DA5C-452C-A675-410EB73D40D1}.Debug|Any CPU.ActiveCfg = Debug|Any CPU
		{F3B18D38-DA5C-452C-A675-410EB73D40D1}.Debug|Any CPU.Build.0 = Debug|Any CPU
		{F3B18D38-DA5C-452C-A675-410EB73D40D1}.Debug|ARM64.ActiveCfg = Debug|ARM64
		{F3B18D38-DA5C-452C-A675-410EB73D40D1}.Debug|ARM64.Build.0 = Debug|ARM64
		{F3B18D38-DA5C-452C-A675-410EB73D40D1}.Release|Any CPU.ActiveCfg = Release|Any CPU
		{F3B18D38-DA5C-452C-A675-410EB73D40D1}.Release|Any CPU.Build.0 = Release|Any CPU
		{F3B18D38-DA5C-452C-A675-410EB73D40D1}.Release|ARM64.ActiveCfg = Release|ARM64
		{F3B18D38-DA5C-452C-A675-410EB73D40D1}.Release|ARM64.Build.0 = Release|ARM64
	EndGlobalSection
	GlobalSection(SolutionProperties) = preSolution
		HideSolutionNode = FALSE
	EndGlobalSection
	GlobalSection(ExtensibilityGlobals) = postSolution
		SolutionGuid = {272C8E6C-89DF-434F-ADDB-AD7250F42F1F}
	EndGlobalSection
EndGlobal
